# THIS IS AN AUTOGENERATED FILE. DO NOT EDIT THIS FILE DIRECTLY.
# yarn lockfile v1


"@parcel/watcher-android-arm64@2.5.0":
  version "2.5.0"
  resolved "https://registry.yarnpkg.com/@parcel/watcher-android-arm64/-/watcher-android-arm64-2.5.0.tgz#e32d3dda6647791ee930556aee206fcd5ea0fb7a"
  integrity sha512-qlX4eS28bUcQCdribHkg/herLe+0A9RyYC+mm2PXpncit8z5b3nSqGVzMNR3CmtAOgRutiZ02eIJJgP/b1iEFQ==

"@parcel/watcher-darwin-arm64@2.5.0":
  version "2.5.0"
  resolved "https://registry.yarnpkg.com/@parcel/watcher-darwin-arm64/-/watcher-darwin-arm64-2.5.0.tgz#0d9e680b7e9ec1c8f54944f1b945aa8755afb12f"
  integrity sha512-hyZ3TANnzGfLpRA2s/4U1kbw2ZI4qGxaRJbBH2DCSREFfubMswheh8TeiC1sGZ3z2jUf3s37P0BBlrD3sjVTUw==

"@parcel/watcher-darwin-x64@2.5.0":
  version "2.5.0"
  resolved "https://registry.yarnpkg.com/@parcel/watcher-darwin-x64/-/watcher-darwin-x64-2.5.0.tgz#f9f1d5ce9d5878d344f14ef1856b7a830c59d1bb"
  integrity sha512-9rhlwd78saKf18fT869/poydQK8YqlU26TMiNg7AIu7eBp9adqbJZqmdFOsbZ5cnLp5XvRo9wcFmNHgHdWaGYA==

"@parcel/watcher-freebsd-x64@2.5.0":
  version "2.5.0"
  resolved "https://registry.yarnpkg.com/@parcel/watcher-freebsd-x64/-/watcher-freebsd-x64-2.5.0.tgz#2b77f0c82d19e84ff4c21de6da7f7d096b1a7e82"
  integrity sha512-syvfhZzyM8kErg3VF0xpV8dixJ+RzbUaaGaeb7uDuz0D3FK97/mZ5AJQ3XNnDsXX7KkFNtyQyFrXZzQIcN49Tw==

"@parcel/watcher-linux-arm-glibc@2.5.0":
  version "2.5.0"
  resolved "https://registry.yarnpkg.com/@parcel/watcher-linux-arm-glibc/-/watcher-linux-arm-glibc-2.5.0.tgz#92ed322c56dbafa3d2545dcf2803334aee131e42"
  integrity sha512-0VQY1K35DQET3dVYWpOaPFecqOT9dbuCfzjxoQyif1Wc574t3kOSkKevULddcR9znz1TcklCE7Ht6NIxjvTqLA==

"@parcel/watcher-linux-arm-musl@2.5.0":
  version "2.5.0"
  resolved "https://registry.yarnpkg.com/@parcel/watcher-linux-arm-musl/-/watcher-linux-arm-musl-2.5.0.tgz#cd48e9bfde0cdbbd2ecd9accfc52967e22f849a4"
  integrity sha512-6uHywSIzz8+vi2lAzFeltnYbdHsDm3iIB57d4g5oaB9vKwjb6N6dRIgZMujw4nm5r6v9/BQH0noq6DzHrqr2pA==

"@parcel/watcher-linux-arm64-glibc@2.5.0":
  version "2.5.0"
  resolved "https://registry.yarnpkg.com/@parcel/watcher-linux-arm64-glibc/-/watcher-linux-arm64-glibc-2.5.0.tgz#7b81f6d5a442bb89fbabaf6c13573e94a46feb03"
  integrity sha512-BfNjXwZKxBy4WibDb/LDCriWSKLz+jJRL3cM/DllnHH5QUyoiUNEp3GmL80ZqxeumoADfCCP19+qiYiC8gUBjA==

"@parcel/watcher-linux-arm64-musl@2.5.0":
  version "2.5.0"
  resolved "https://registry.yarnpkg.com/@parcel/watcher-linux-arm64-musl/-/watcher-linux-arm64-musl-2.5.0.tgz#dcb8ff01077cdf59a18d9e0a4dff7a0cfe5fd732"
  integrity sha512-S1qARKOphxfiBEkwLUbHjCY9BWPdWnW9j7f7Hb2jPplu8UZ3nes7zpPOW9bkLbHRvWM0WDTsjdOTUgW0xLBN1Q==

"@parcel/watcher-linux-x64-glibc@2.5.0":
  version "2.5.0"
  resolved "https://registry.yarnpkg.com/@parcel/watcher-linux-x64-glibc/-/watcher-linux-x64-glibc-2.5.0.tgz#2e254600fda4e32d83942384d1106e1eed84494d"
  integrity sha512-d9AOkusyXARkFD66S6zlGXyzx5RvY+chTP9Jp0ypSTC9d4lzyRs9ovGf/80VCxjKddcUvnsGwCHWuF2EoPgWjw==

"@parcel/watcher-linux-x64-musl@2.5.0":
  version "2.5.0"
  resolved "https://registry.yarnpkg.com/@parcel/watcher-linux-x64-musl/-/watcher-linux-x64-musl-2.5.0.tgz#01fcea60fedbb3225af808d3f0a7b11229792eef"
  integrity sha512-iqOC+GoTDoFyk/VYSFHwjHhYrk8bljW6zOhPuhi5t9ulqiYq1togGJB5e3PwYVFFfeVgc6pbz3JdQyDoBszVaA==

"@parcel/watcher-win32-arm64@2.5.0":
  version "2.5.0"
  resolved "https://registry.yarnpkg.com/@parcel/watcher-win32-arm64/-/watcher-win32-arm64-2.5.0.tgz#87cdb16e0783e770197e52fb1dc027bb0c847154"
  integrity sha512-twtft1d+JRNkM5YbmexfcH/N4znDtjgysFaV9zvZmmJezQsKpkfLYJ+JFV3uygugK6AtIM2oADPkB2AdhBrNig==

"@parcel/watcher-win32-ia32@2.5.0":
  version "2.5.0"
  resolved "https://registry.yarnpkg.com/@parcel/watcher-win32-ia32/-/watcher-win32-ia32-2.5.0.tgz#778c39b56da33e045ba21c678c31a9f9d7c6b220"
  integrity sha512-+rgpsNRKwo8A53elqbbHXdOMtY/tAtTzManTWShB5Kk54N8Q9mzNWV7tV+IbGueCbcj826MfWGU3mprWtuf1TA==

"@parcel/watcher-win32-x64@2.5.0":
  version "2.5.0"
  resolved "https://registry.yarnpkg.com/@parcel/watcher-win32-x64/-/watcher-win32-x64-2.5.0.tgz#33873876d0bbc588aacce38e90d1d7480ce81cb7"
  integrity sha512-lPrxve92zEHdgeff3aiu4gDOIt4u7sJYha6wbdEZDCDUhtjTsOMiaJzG5lMY4GkWH8p0fMmO2Ppq5G5XXG+DQw==

"@parcel/watcher@^2.5.0":
  version "2.5.0"
  resolved "https://registry.yarnpkg.com/@parcel/watcher/-/watcher-2.5.0.tgz#5c88818b12b8de4307a9d3e6dc3e28eba0dfbd10"
  integrity sha512-i0GV1yJnm2n3Yq1qw6QrUrd/LI9bE8WEBOTtOkpCXHHdyN3TAGgqAK/DAT05z4fq2x04cARXt2pDmjWjL92iTQ==
  dependencies:
    detect-libc "^1.0.3"
    is-glob "^4.0.3"
    micromatch "^4.0.5"
    node-addon-api "^7.0.0"
  optionalDependencies:
    "@parcel/watcher-android-arm64" "2.5.0"
    "@parcel/watcher-darwin-arm64" "2.5.0"
    "@parcel/watcher-darwin-x64" "2.5.0"
    "@parcel/watcher-freebsd-x64" "2.5.0"
    "@parcel/watcher-linux-arm-glibc" "2.5.0"
    "@parcel/watcher-linux-arm-musl" "2.5.0"
    "@parcel/watcher-linux-arm64-glibc" "2.5.0"
    "@parcel/watcher-linux-arm64-musl" "2.5.0"
    "@parcel/watcher-linux-x64-glibc" "2.5.0"
    "@parcel/watcher-linux-x64-musl" "2.5.0"
    "@parcel/watcher-win32-arm64" "2.5.0"
    "@parcel/watcher-win32-ia32" "2.5.0"
    "@parcel/watcher-win32-x64" "2.5.0"

"@tailwindcss/cli@^4.0.0-beta.5":
  version "4.0.0-beta.5"
  resolved "https://registry.yarnpkg.com/@tailwindcss/cli/-/cli-4.0.0-beta.5.tgz#512333d9670d8f19a2e124c7b4404dd4ceb38d1f"
  integrity sha512-FblUvGA4fvd7cOPLcA+ieZC7jMBZ6NG+QApq3gLrUr24tO9hRZZBVA4GcYWdFu6pgW332mSZKzCoLzI7aN0AqQ==
  dependencies:
    "@parcel/watcher" "^2.5.0"
    "@tailwindcss/node" "4.0.0-beta.5"
    "@tailwindcss/oxide" "4.0.0-beta.5"
    enhanced-resolve "^5.17.1"
    lightningcss "^1.26.0"
    mri "^1.2.0"
    picocolors "^1.1.1"
    tailwindcss "4.0.0-beta.5"

"@tailwindcss/node@4.0.0-beta.5":
  version "4.0.0-beta.5"
  resolved "https://registry.yarnpkg.com/@tailwindcss/node/-/node-4.0.0-beta.5.tgz#6dbc47a728caf0a0a73569c405800d262836ec20"
  integrity sha512-29Ym+rT27zmWMbqcQUdbA9h1J+6k6EcV9nSfswModSWkeJAhrY8Sqzt7uU7hOtI7ETXjy22bSSHPjt/0+cjBdg==
  dependencies:
    enhanced-resolve "^5.17.1"
    jiti "^2.4.0"
    tailwindcss "4.0.0-beta.5"

"@tailwindcss/oxide-android-arm64@4.0.0-beta.5":
  version "4.0.0-beta.5"
  resolved "https://registry.yarnpkg.com/@tailwindcss/oxide-android-arm64/-/oxide-android-arm64-4.0.0-beta.5.tgz#fed9db4ca92e7469ae631cadcc05b75c1c57de53"
  integrity sha512-1eBq4Jo9R4CMHkrJuuHNrwBEkuSg37D/9OxsxcxvC372r8GdQ9fpy3cwYoVtqX6fG/Wg32P/n0t58QiQIlhkzg==

"@tailwindcss/oxide-darwin-arm64@4.0.0-beta.5":
  version "4.0.0-beta.5"
  resolved "https://registry.yarnpkg.com/@tailwindcss/oxide-darwin-arm64/-/oxide-darwin-arm64-4.0.0-beta.5.tgz#5648d7a7faabfecd874b1eabf480076e71a27ce2"
  integrity sha512-mUjChnLgul9DeKNsWNVuIykwYhKNOp8Suu4qob3T5d8joVYvt+zYM8fpQulAJDH5OzbKYoekkzquJDA6plNxEA==

"@tailwindcss/oxide-darwin-x64@4.0.0-beta.5":
  version "4.0.0-beta.5"
  resolved "https://registry.yarnpkg.com/@tailwindcss/oxide-darwin-x64/-/oxide-darwin-x64-4.0.0-beta.5.tgz#8f42023eb3c082cd51e8a58b232f82d765723e6d"
  integrity sha512-zLD9Z6B7olFOQUVn/3wZY5IL+6x294n7N+BA1cwwZtnxZNyp3o/26KGDP8mM1TcdbXHb5DOj4OX08wwbffzJrA==

"@tailwindcss/oxide-freebsd-x64@4.0.0-beta.5":
  version "4.0.0-beta.5"
  resolved "https://registry.yarnpkg.com/@tailwindcss/oxide-freebsd-x64/-/oxide-freebsd-x64-4.0.0-beta.5.tgz#15c0e8d2d2fa31dd2e9818dde9eadf4b4e7b92fc"
  integrity sha512-FsjvHqsf/AXuEZVNA4TQlLZmanP9qjaqedjCyXv19JwfdxlEuFcGHwx6f1zATuiQnQ1DnYeoJLfjv88N59UvZQ==

"@tailwindcss/oxide-linux-arm-gnueabihf@4.0.0-beta.5":
  version "4.0.0-beta.5"
  resolved "https://registry.yarnpkg.com/@tailwindcss/oxide-linux-arm-gnueabihf/-/oxide-linux-arm-gnueabihf-4.0.0-beta.5.tgz#41f9b5d24ce8ae91f144d24df584a06dd2ec42e1"
  integrity sha512-qvtbk+AdBjd2TvwJ+nuYRHeNDnlP20QIsfnVIENiU1oRTjiWvejPwRlN7bPWn0IR41GG8NEkdhM9L6vHSzaqbw==

"@tailwindcss/oxide-linux-arm64-gnu@4.0.0-beta.5":
  version "4.0.0-beta.5"
  resolved "https://registry.yarnpkg.com/@tailwindcss/oxide-linux-arm64-gnu/-/oxide-linux-arm64-gnu-4.0.0-beta.5.tgz#ecd7810fe4c0e14f51b47772e8c49752982f4ed2"
  integrity sha512-kcz1OP9Bocq/1wPCldBYDCsll0VLUzUTWZfmg3vh7yKGbtBqL3NrJqmq8jT7FdctgcMnrJ3x3pBchKt/n6OkeQ==

"@tailwindcss/oxide-linux-arm64-musl@4.0.0-beta.5":
  version "4.0.0-beta.5"
  resolved "https://registry.yarnpkg.com/@tailwindcss/oxide-linux-arm64-musl/-/oxide-linux-arm64-musl-4.0.0-beta.5.tgz#8b534755f7739e9b0876c23ba3cf78b1561070ac"
  integrity sha512-wzA1w/aJBfMFplEg6vVtMwuC4AOi8wyJPwhToxZuk3uq6sgm74prMbnWPhocJK8AwySJHOWDEj4ncXrRkMPPLg==

"@tailwindcss/oxide-linux-x64-gnu@4.0.0-beta.5":
  version "4.0.0-beta.5"
  resolved "https://registry.yarnpkg.com/@tailwindcss/oxide-linux-x64-gnu/-/oxide-linux-x64-gnu-4.0.0-beta.5.tgz#8cf61bc45366d824d011a0e595d33af082d4f133"
  integrity sha512-nrk9HDW31TDpsr8Iiu0DRtMyr9Rniq/8IWqLV2NeS0EhsmpEi+Ll6PbbuZdPRLA+TCK7pWstqcTC/trxp7LGOQ==

"@tailwindcss/oxide-linux-x64-musl@4.0.0-beta.5":
  version "4.0.0-beta.5"
  resolved "https://registry.yarnpkg.com/@tailwindcss/oxide-linux-x64-musl/-/oxide-linux-x64-musl-4.0.0-beta.5.tgz#d9c9f3e588420eaa8b7dee3d4d3dada61749e1c5"
  integrity sha512-ETzuMsqiPwY1kt2i1ROTkL9zSJXCvT2Y4onIWKwKPVnEpezVouxXN9guIKoet6KkvDJgZoVtpbO6izgUqpNVwg==

"@tailwindcss/oxide-win32-arm64-msvc@4.0.0-beta.5":
  version "4.0.0-beta.5"
  resolved "https://registry.yarnpkg.com/@tailwindcss/oxide-win32-arm64-msvc/-/oxide-win32-arm64-msvc-4.0.0-beta.5.tgz#9c8ab30ef6c967834650840bec3aa2f95dd3e5f4"
  integrity sha512-Mstca4eNIMwMr5JvjYaE7C/MmGyQeYVxYRMGCNGbW9UDzxRNNVrg9Z4YgXZ2NdnjyhQF7N6BysPMhfQjv0Czng==

"@tailwindcss/oxide-win32-x64-msvc@4.0.0-beta.5":
  version "4.0.0-beta.5"
  resolved "https://registry.yarnpkg.com/@tailwindcss/oxide-win32-x64-msvc/-/oxide-win32-x64-msvc-4.0.0-beta.5.tgz#929b50bb46276d14ff04b70c5f1ffd805159367d"
  integrity sha512-q3B9DmTMsHpaxg1w0ZxcIL7F3Em8s42SlwDBgnWWPnc6bZMG/gpN6EEL6mWfnvNyyD2LuYLjwG/D0VDuccQdIA==

"@tailwindcss/oxide@4.0.0-beta.5":
  version "4.0.0-beta.5"
  resolved "https://registry.yarnpkg.com/@tailwindcss/oxide/-/oxide-4.0.0-beta.5.tgz#b68136376243fccc4f3911a9796078bb28d09bb8"
  integrity sha512-m5Vc6UdnFWh1lca5XfcJhkD7peMYE5bHeqFo3Jse+q5bd/ahJqGdIdRp72XtIjhpMztNS/hu0xRzabW/Jo+U9w==
  optionalDependencies:
    "@tailwindcss/oxide-android-arm64" "4.0.0-beta.5"
    "@tailwindcss/oxide-darwin-arm64" "4.0.0-beta.5"
    "@tailwindcss/oxide-darwin-x64" "4.0.0-beta.5"
    "@tailwindcss/oxide-freebsd-x64" "4.0.0-beta.5"
    "@tailwindcss/oxide-linux-arm-gnueabihf" "4.0.0-beta.5"
    "@tailwindcss/oxide-linux-arm64-gnu" "4.0.0-beta.5"
    "@tailwindcss/oxide-linux-arm64-musl" "4.0.0-beta.5"
    "@tailwindcss/oxide-linux-x64-gnu" "4.0.0-beta.5"
    "@tailwindcss/oxide-linux-x64-musl" "4.0.0-beta.5"
    "@tailwindcss/oxide-win32-arm64-msvc" "4.0.0-beta.5"
    "@tailwindcss/oxide-win32-x64-msvc" "4.0.0-beta.5"

braces@^3.0.3:
  version "3.0.3"
  resolved "https://registry.yarnpkg.com/braces/-/braces-3.0.3.tgz#490332f40919452272d55a8480adc0c441358789"
  integrity sha512-yQbXgO/OSZVD2IsiLlro+7Hf6Q18EJrKSEsdoMzKePKXct3gvD8oLcOQdIzGupr5Fj+EDe8gO/lxc1BzfMpxvA==
  dependencies:
    fill-range "^7.1.1"

detect-libc@^1.0.3:
  version "1.0.3"
  resolved "https://registry.yarnpkg.com/detect-libc/-/detect-libc-1.0.3.tgz#fa137c4bd698edf55cd5cd02ac559f91a4c4ba9b"
  integrity sha512-pGjwhsmsp4kL2RTz08wcOlGN83otlqHeD/Z5T8GXZB+/YcpQ/dgo+lbU8ZsGxV0HIvqqxo9l7mqYwyYMD9bKDg==

enhanced-resolve@^5.17.1:
  version "5.17.1"
  resolved "https://registry.yarnpkg.com/enhanced-resolve/-/enhanced-resolve-5.17.1.tgz#67bfbbcc2f81d511be77d686a90267ef7f898a15"
  integrity sha512-LMHl3dXhTcfv8gM4kEzIUeTQ+7fpdA0l2tUf34BddXPkz2A5xJ5L/Pchd5BL6rdccM9QGvu0sWZzK1Z1t4wwyg==
  dependencies:
    graceful-fs "^4.2.4"
    tapable "^2.2.0"

fill-range@^7.1.1:
  version "7.1.1"
  resolved "https://registry.yarnpkg.com/fill-range/-/fill-range-7.1.1.tgz#44265d3cac07e3ea7dc247516380643754a05292"
  integrity sha512-YsGpe3WHLK8ZYi4tWDg2Jy3ebRz2rXowDxnld4bkQB00cc/1Zw9AWnC0i9ztDJitivtQvaI9KaLyKrc+hBW0yg==
  dependencies:
    to-regex-range "^5.0.1"

graceful-fs@^4.2.4:
  version "4.2.11"
  resolved "https://registry.yarnpkg.com/graceful-fs/-/graceful-fs-4.2.11.tgz#4183e4e8bf08bb6e05bbb2f7d2e0c8f712ca40e3"
  integrity sha512-RbJ5/jmFcNNCcDV5o9eTnBLJ/HszWV0P73bc+Ff4nS/rJj+YaS6IGyiOL0VoBYX+l1Wrl3k63h/KrH+nhJ0XvQ==

is-extglob@^2.1.1:
  version "2.1.1"
  resolved "https://registry.yarnpkg.com/is-extglob/-/is-extglob-2.1.1.tgz#a88c02535791f02ed37c76a1b9ea9773c833f8c2"
  integrity sha512-SbKbANkN603Vi4jEZv49LeVJMn4yGwsbzZworEoyEiutsN3nJYdbO36zfhGJ6QEDpOZIFkDtnq5JRxmvl3jsoQ==

is-glob@^4.0.3:
  version "4.0.3"
  resolved "https://registry.yarnpkg.com/is-glob/-/is-glob-4.0.3.tgz#64f61e42cbbb2eec2071a9dac0b28ba1e65d5084"
  integrity sha512-xelSayHH36ZgE7ZWhli7pW34hNbNl8Ojv5KVmkJD4hBdD3th8Tfk9vYasLM+mXWOZhFkgZfxhLSnrwRr4elSSg==
  dependencies:
    is-extglob "^2.1.1"

is-number@^7.0.0:
  version "7.0.0"
  resolved "https://registry.yarnpkg.com/is-number/-/is-number-7.0.0.tgz#7535345b896734d5f80c4d06c50955527a14f12b"
  integrity sha512-41Cifkg6e8TylSpdtTpeLVMqvSBEVzTttHvERD741+pnZ8ANv0004MRL43QKPDlK9cGvNp6NZWZUBlbGXYxxng==

jiti@^2.4.0:
  version "2.4.1"
  resolved "https://registry.yarnpkg.com/jiti/-/jiti-2.4.1.tgz#4de9766ccbfa941d9b6390d2b159a4b295a52e6b"
  integrity sha512-yPBThwecp1wS9DmoA4x4KR2h3QoslacnDR8ypuFM962kI4/456Iy1oHx2RAgh4jfZNdn0bctsdadceiBUgpU1g==

lightningcss-darwin-arm64@1.28.2:
  version "1.28.2"
  resolved "https://registry.yarnpkg.com/lightningcss-darwin-arm64/-/lightningcss-darwin-arm64-1.28.2.tgz#a906fd84cb43d753cb5db9c367f8f38482e8fb03"
  integrity sha512-/8cPSqZiusHSS+WQz0W4NuaqFjquys1x+NsdN/XOHb+idGHJSoJ7SoQTVl3DZuAgtPZwFZgRfb/vd1oi8uX6+g==

lightningcss-darwin-x64@1.28.2:
  version "1.28.2"
  resolved "https://registry.yarnpkg.com/lightningcss-darwin-x64/-/lightningcss-darwin-x64-1.28.2.tgz#6c43249d4ae821416d0d78403eae56111d0c6a94"
  integrity sha512-R7sFrXlgKjvoEG8umpVt/yutjxOL0z8KWf0bfPT3cYMOW4470xu5qSHpFdIOpRWwl3FKNMUdbKtMUjYt0h2j4g==

lightningcss-freebsd-x64@1.28.2:
  version "1.28.2"
  resolved "https://registry.yarnpkg.com/lightningcss-freebsd-x64/-/lightningcss-freebsd-x64-1.28.2.tgz#804bc6652c6721e94a92e7bbb5e65165376cf108"
  integrity sha512-l2qrCT+x7crAY+lMIxtgvV10R8VurzHAoUZJaVFSlHrN8kRLTvEg9ObojIDIexqWJQvJcVVV3vfzsEynpiuvgA==

lightningcss-linux-arm-gnueabihf@1.28.2:
  version "1.28.2"
  resolved "https://registry.yarnpkg.com/lightningcss-linux-arm-gnueabihf/-/lightningcss-linux-arm-gnueabihf-1.28.2.tgz#c32595127b565690d854c9ff641831e4ad739ee1"
  integrity sha512-DKMzpICBEKnL53X14rF7hFDu8KKALUJtcKdFUCW5YOlGSiwRSgVoRjM97wUm/E0NMPkzrTi/rxfvt7ruNK8meg==

lightningcss-linux-arm64-gnu@1.28.2:
  version "1.28.2"
  resolved "https://registry.yarnpkg.com/lightningcss-linux-arm64-gnu/-/lightningcss-linux-arm64-gnu-1.28.2.tgz#85646f08c5efbfd7c94f8e5ed6392d5cf95fa42c"
  integrity sha512-nhfjYkfymWZSxdtTNMWyhFk2ImUm0X7NAgJWFwnsYPOfmtWQEapzG/DXZTfEfMjSzERNUNJoQjPAbdqgB+sjiw==

lightningcss-linux-arm64-musl@1.28.2:
  version "1.28.2"
  resolved "https://registry.yarnpkg.com/lightningcss-linux-arm64-musl/-/lightningcss-linux-arm64-musl-1.28.2.tgz#4d9bc20cf6de28c4d0c586d81c577891555ad831"
  integrity sha512-1SPG1ZTNnphWvAv8RVOymlZ8BDtAg69Hbo7n4QxARvkFVCJAt0cgjAw1Fox0WEhf4PwnyoOBaVH0Z5YNgzt4dA==

lightningcss-linux-x64-gnu@1.28.2:
  version "1.28.2"
  resolved "https://registry.yarnpkg.com/lightningcss-linux-x64-gnu/-/lightningcss-linux-x64-gnu-1.28.2.tgz#74bd797d7157817c4e42ec45f1844a69636a9d82"
  integrity sha512-ZhQy0FcO//INWUdo/iEdbefntTdpPVQ0XJwwtdbBuMQe+uxqZoytm9M+iqR9O5noWFaxK+nbS2iR/I80Q2Ofpg==

lightningcss-linux-x64-musl@1.28.2:
  version "1.28.2"
  resolved "https://registry.yarnpkg.com/lightningcss-linux-x64-musl/-/lightningcss-linux-x64-musl-1.28.2.tgz#13ce6db4c491ebbb93099d6427746ab7bff3774f"
  integrity sha512-alb/j1NMrgQmSFyzTbN1/pvMPM+gdDw7YBuQ5VSgcFDypN3Ah0BzC2dTZbzwzaMdUVDszX6zH5MzjfVN1oGuww==

lightningcss-win32-arm64-msvc@1.28.2:
  version "1.28.2"
  resolved "https://registry.yarnpkg.com/lightningcss-win32-arm64-msvc/-/lightningcss-win32-arm64-msvc-1.28.2.tgz#eaae12c4a58a545a3adf40b22ba9625e5c0ebd29"
  integrity sha512-WnwcjcBeAt0jGdjlgbT9ANf30pF0C/QMb1XnLnH272DQU8QXh+kmpi24R55wmWBwaTtNAETZ+m35ohyeMiNt+g==

lightningcss-win32-x64-msvc@1.28.2:
  version "1.28.2"
  resolved "https://registry.yarnpkg.com/lightningcss-win32-x64-msvc/-/lightningcss-win32-x64-msvc-1.28.2.tgz#1f7c4474b2dc3dd1c12e22de32e4de23bdfa41e7"
  integrity sha512-3piBifyT3avz22o6mDKywQC/OisH2yDK+caHWkiMsF82i3m5wDBadyCjlCQ5VNgzYkxrWZgiaxHDdd5uxsi0/A==

lightningcss@^1.26.0:
  version "1.28.2"
  resolved "https://registry.yarnpkg.com/lightningcss/-/lightningcss-1.28.2.tgz#cc26fad9ad64a621bd39ac6248095891cf584cce"
  integrity sha512-ePLRrbt3fgjXI5VFZOLbvkLD5ZRuxGKm+wJ3ujCqBtL3NanDHPo/5zicR5uEKAPiIjBYF99BM4K4okvMznjkVA==
  dependencies:
    detect-libc "^1.0.3"
  optionalDependencies:
    lightningcss-darwin-arm64 "1.28.2"
    lightningcss-darwin-x64 "1.28.2"
    lightningcss-freebsd-x64 "1.28.2"
    lightningcss-linux-arm-gnueabihf "1.28.2"
    lightningcss-linux-arm64-gnu "1.28.2"
    lightningcss-linux-arm64-musl "1.28.2"
    lightningcss-linux-x64-gnu "1.28.2"
    lightningcss-linux-x64-musl "1.28.2"
    lightningcss-win32-arm64-msvc "1.28.2"
    lightningcss-win32-x64-msvc "1.28.2"

micromatch@^4.0.5:
  version "4.0.8"
  resolved "https://registry.yarnpkg.com/micromatch/-/micromatch-4.0.8.tgz#d66fa18f3a47076789320b9b1af32bd86d9fa202"
  integrity sha512-PXwfBhYu0hBCPw8Dn0E+WDYb7af3dSLVWKi3HGv84IdF4TyFoC0ysxFd0Goxw7nSv4T/PzEJQxsYsEiFCKo2BA==
  dependencies:
    braces "^3.0.3"
    picomatch "^2.3.1"

mri@^1.2.0:
  version "1.2.0"
  resolved "https://registry.yarnpkg.com/mri/-/mri-1.2.0.tgz#6721480fec2a11a4889861115a48b6cbe7cc8f0b"
  integrity sha512-tzzskb3bG8LvYGFF/mDTpq3jpI6Q9wc3LEmBaghu+DdCssd1FakN7Bc0hVNmEyGq1bq3RgfkCb3cmQLpNPOroA==

node-addon-api@^7.0.0:
  version "7.1.1"
  resolved "https://registry.yarnpkg.com/node-addon-api/-/node-addon-api-7.1.1.tgz#1aba6693b0f255258a049d621329329322aad558"
  integrity sha512-5m3bsyrjFWE1xf7nz7YXdN4udnVtXK6/Yfgn5qnahL6bCkf2yKt4k3nuTKAtT4r3IG8JNR2ncsIMdZuAzJjHQQ==

picocolors@^1.1.1:
  version "1.1.1"
  resolved "https://registry.yarnpkg.com/picocolors/-/picocolors-1.1.1.tgz#3d321af3eab939b083c8f929a1d12cda81c26b6b"
  integrity sha512-xceH2snhtb5M9liqDsmEw56le376mTZkEX/jEb/RxNFyegNul7eNslCXP9FDj/Lcu0X8KEyMceP2ntpaHrDEVA==

picomatch@^2.3.1:
  version "2.3.1"
  resolved "https://registry.yarnpkg.com/picomatch/-/picomatch-2.3.1.tgz#3ba3833733646d9d3e4995946c1365a67fb07a42"
  integrity sha512-JU3teHTNjmE2VCGFzuY8EXzCDVwEqB2a8fsIvwaStHhAWJEeVd1o1QD80CU6+ZdEXXSLbSsuLwJjkCBWqRQUVA==

tailwindcss@4.0.0-beta.5, tailwindcss@^4.0.0-beta.5:
  version "4.0.0-beta.5"
  resolved "https://registry.yarnpkg.com/tailwindcss/-/tailwindcss-4.0.0-beta.5.tgz#af52b6972fbfc60c46ced13a7c81201795c055ff"
  integrity sha512-59zeDyaVE5z1iQnhk5cGeBJvb6Z/Iym4qSFzPddiotWbnqWcIqj0kRgZH8OyR4VZU+solTRQaWRgfDZ8PQ+p8A==

tapable@^2.2.0:
  version "2.2.1"
  resolved "https://registry.yarnpkg.com/tapable/-/tapable-2.2.1.tgz#1967a73ef4060a82f12ab96af86d52fdb76eeca0"
  integrity sha512-GNzQvQTOIP6RyTfE2Qxb8ZVlNmw0n88vp1szwWRimP02mnTsx3Wtn5qRdqY9w2XduFNUgvOwhNnQsjwCp+kqaQ==

to-regex-range@^5.0.1:
  version "5.0.1"
  resolved "https://registry.yarnpkg.com/to-regex-range/-/to-regex-range-5.0.1.tgz#1648c44aae7c8d988a326018ed72f5b4dd0392e4"
  integrity sha512-65P7iz6X5yEr1cwcgvQxbbIw7Uk3gOy5dIdtZ4rDveLqhrdJP+Li/Hx6tyK0NEb+2GCyneCMJiGqrADCSNk8sQ==
  dependencies:
    is-number "^7.0.0"
